github.com/golang/protobuf v1.5.4 h1:i7eJL8qZTpSEXOPTxNKhASYpMn+8e5Q6AdndVa1dWek=
github.com/golang/protobuf v1.5.4/go.mod h1:lnTiLA8Wa4RWRcIUkrtSVa5nRhsEGBg48fD6rSs7xps=
github.com/google/go-cmp v0.7.0 h1:wk8382ETsv4JYUZwIsn6YpYiWiBsYLSJiTsyBybVuN8=
github.com/google/go-cmp v0.7.0/go.mod h1:pXiqmnSA92OHEEa9HXL2W4E7lf9JzCmGVUdgjX3N/iU=
github.com/sudzekai-web-os/core v0.0.1 h1:1DKBQo1I898MZbnsLE6jDbAXkg+ynHBZ1K99kfKJedU=
github.com/sudzekai-web-os/core v0.0.1/go.mod h1:q2/Rbc7/4UCWv6tSUa4oDP+Z7l78iOAhO5URMP4D3YY=
github.com/sudzekai-web-os/core v0.0.4 h1:8/vD1bbceDobwMnrp9Y6xhVgQt1WYNO3XvlLjaHLcU4=
github.com/sudzekai-web-os/core v0.0.4/go.mod h1:q2/Rbc7/4UCWv6tSUa4oDP+Z7l78iOAhO5URMP4D3YY=
github.com/sudzekai-web-os/executor v1.0.7 h1:Yq63vUbjHJg6TfgBqo3krAvWg5ZkHwH3Q+kZu14JDsI=
github.com/sudzekai-web-os/executor v1.0.7/go.mod h1:T6YCEh7+QZbmoVpY52FVad2e93VUbieWhg4v4hq7qOM=
github.com/sudzekai-web-os/executor v1.1.0 h1:Hc0jpFTNdACPh0yn+/yZQ8p6aWVtRLSd3CjeF5uxKdA=
github.com/sudzekai-web-os/executor v1.1.0/go.mod h1:KVTwJnpENV0lQ/YiW9vN00TB/OLuuTQEpNuTxdhr7zM=
github.com/sudzekai-web-os/logging v1.1.0 h1:CfNQSXf2pBlWI78fGfUZLQR9utkzbjA6ZVOzFmfJ/sM=
github.com/sudzekai-web-os/logging v1.1.0/go.mod h1:DKxEhtFgemwRBzNR8FIjEbEdr9LCannQnj93aTzubbk=
github.com/sudzekai-web-os/logging v1.2.0 h1:0xfjz44e5kxUBlDyK1DZHyhu7hTsQQYCQvBUL0NIKCQ=
github.com/sudzekai-web-os/logging v1.2.0/go.mod h1:iZR/XgdAaiRwewCNaQSfeaNUlEnP5iTJyaSZ99WaUXI=
github.com/sudzekai-web-os/logging v1.2.1 h1:M3puheDfnGxBAs+DnR/lKz1c+Rg7j86kIhXhyd0UwEc=
github.com/sudzekai-web-os/logging v1.2.1/go.mod h1:WKN6cpAufXvCXb4pRrWwayvJ9JY2BCMkgSUirs6bMEE=
github.com/sudzekai-web-os/server v1.0.6 h1:7kfkNJo2xsvFtAY84/ddQGNxUvbPqbSCUaw7XfcRZ+g=
github.com/sudzekai-web-os/server v1.0.6/go.mod h1:vonIbQtiELy8VnJPyEelePQ46ertOORuWdwHUw54hh4=
github.com/sudzekai-web-os/server v1.1.0 h1:UeIOJTXyeYerkH1C5+8awrm+j+2OHbQAYx6py9W0VCI=
github.com/sudzekai-web-os/server v1.1.0/go.mod h1:gFtOm5K2dAlImZI/0JVpJeANT0lDZHMxiBMGwqYnWjM=
golang.org/x/net v0.57.0 h1:K5+3DljvIuDG9/Jv9rvyMywYNFCQ9RSUY6OOTTkT+tE=
golang.org/x/net v0.57.0/go.mod h1:KpXc8iv+r3XplLAG/f7Jsf9RPszJzdR0f58q9vGOuEU=
golang.org/x/sys v0.47.0 h1:o7XGOvZQCADBQQ4Y7VNq2dRWQR7JmOUW8Kxx4ZsNgWs=
golang.org/x/sys v0.47.0/go.mod h1:4GL1E5IUh+htKOUEOaiffhrAeqysfVGipDYzABqnCmw=
golang.org/x/text v0.40.0 h1:Ub2Z6/xjgF1WrYQz2nuITOEegKFtiIy+rieRJ5lHZKs=
golang.org/x/text v0.40.0/go.mod h1:hpnzDAfGV753zIKo+wk3u1bVKCGPbrnF7+7LBF/UHVY=
gonum.org/v1/gonum v0.17.0 h1:VbpOemQlsSMrYmn7T2OUvQ4dqxQXU+ouZFQsZOx50z4=
gonum.org/v1/gonum v0.17.0/go.mod h1:El3tOrEuMpv2UdMrbNlKEh9vd86bmQ6vqIcDwxEOc1E=
google.golang.org/genproto/googleapis/rpc v0.0.0-20260706201446-f0a921348800 h1:qEHAMpSaUhtD0p3NbEEI83HwNGFxEwaSJ1G9PLnCBZE=
google.golang.org/genproto/googleapis/rpc v0.0.0-20260706201446-f0a921348800/go.mod h1:4Hqkh8ycfw05ld/3BWL7rJOSfebL2Q+DVDeRgYgxUU8=
google.golang.org/grpc v1.84.0 h1:soMyaPJ8pAak5PIQ0DGBUir0XRo2fRoMqhNWMLlLxO0=
google.golang.org/grpc v1.84.0/go.mod h1:ljCht0DrxQrXBDRTZp52Qxh3Ffk8CdYm2sj4O2QN2C0=
google.golang.org/protobuf v1.36.11 h1:fV6ZwhNocDyBLK0dj+fg8ektcVegBBuEolpbTQyBNVE=
google.golang.org/protobuf v1.36.11/go.mod h1:HTf+CrKn2C3g5S8VImy6tdcUvCska2kB7j23XfzDpco=
